<?xml version="1.0" encoding="utf-8"?>
<Project ToolsVersion="4.0" xmlns:atg="http://atg.xbox.com" xmlns="http://schemas.microsoft.com/developer/msbuild/2003">
  <ItemGroup>
    <Filter Include="Assets">
      <UniqueIdentifier>{ed0b04a6-fecd-4a2c-a462-59a8f4639f36}</UniqueIdentifier>
    </Filter>
    <Filter Include="Resource Files">
      <UniqueIdentifier>{8e114980-c1a3-4ada-ad7c-83caadf5daeb}</UniqueIdentifier>
      <Extensions>rc;ico;cur;bmp;dlg;rc2;rct;bin;rgs;gif;jpg;jpeg;jpe</Extensions>
    </Filter>
    <Filter Include="Assets\modelData">
      <UniqueIdentifier>{06086914-6aa4-4cad-9b07-6f9d357f04df}</UniqueIdentifier>
    </Filter>
    <Filter Include="Assets\sprite">
      <UniqueIdentifier>{a6ce300a-b532-440d-b914-b4661d3015ad}</UniqueIdentifier>
    </Filter>
    <Filter Include="Assets\modelData\bird">
      <UniqueIdentifier>{3cd120a1-a948-4462-b9ed-af48c874367c}</UniqueIdentifier>
    </Filter>
    <Filter Include="Assets\modelData\tree">
      <UniqueIdentifier>{29fe11d6-dc72-4f4a-bee6-8c6b17833331}</UniqueIdentifier>
    </Filter>
    <Filter Include="Assets\modelData\hawk">
      <UniqueIdentifier>{6ef58abf-1845-45c0-b78b-02a8fe79855a}</UniqueIdentifier>
    </Filter>
    <Filter Include="Assets\modelData\snake">
      <UniqueIdentifier>{5161d884-2e0e-41d0-b177-a67333cc3b63}</UniqueIdentifier>
    </Filter>
    <Filter Include="Assets\modelData\nest">
      <UniqueIdentifier>{40c69d5d-8c48-4db3-a920-1224d2e07fba}</UniqueIdentifier>
    </Filter>
    <Filter Include="Assets\modelData\bg">
      <UniqueIdentifier>{7c8a8b77-a9c9-4559-aacb-42083b63c642}</UniqueIdentifier>
    </Filter>
    <Filter Include="Bird">
      <UniqueIdentifier>{b7a88587-df00-46fb-b328-6531968fb262}</UniqueIdentifier>
    </Filter>
    <Filter Include="Jammer">
      <UniqueIdentifier>{c136b67d-024d-4171-a336-fea871cd5a36}</UniqueIdentifier>
    </Filter>
    <Filter Include="Map">
      <UniqueIdentifier>{4b2a5f97-a925-44db-8a23-5b61e13a895c}</UniqueIdentifier>
    </Filter>
    <Filter Include="Assets\modelData\feed">
      <UniqueIdentifier>{30b8092c-cd49-4e72-9c48-1ce0db375a13}</UniqueIdentifier>
    </Filter>
    <Filter Include="CutScene">
      <UniqueIdentifier>{86a7ff0b-d530-4726-b4ea-443a402955c7}</UniqueIdentifier>
    </Filter>
    <Filter Include="CutScene\GameStartCut">
      <UniqueIdentifier>{c2cdb06e-a346-446e-9c92-7cdb6f095736}</UniqueIdentifier>
    </Filter>
    <Filter Include="Title">
      <UniqueIdentifier>{df2c632f-a1b8-484d-9a16-2ef9ae905bdd}</UniqueIdentifier>
    </Filter>
    <Filter Include="CutScene\GameClearCut">
      <UniqueIdentifier>{76dc43ef-2694-4db9-a2ba-7da56e4ea5b4}</UniqueIdentifier>
    </Filter>
  </ItemGroup>
  <ItemGroup>
    <ClCompile Include="main.cpp" />
    <ClCompile Include="stdafx.cpp" />
    <ClCompile Include="Game.cpp" />
    <ClCompile Include="Bird.cpp">
      <Filter>Bird</Filter>
    </ClCompile>
    <ClCompile Include="Hawk.cpp">
      <Filter>Jammer</Filter>
    </ClCompile>
    <ClCompile Include="Snake.cpp">
      <Filter>Jammer</Filter>
    </ClCompile>
    <ClCompile Include="GameSettings.cpp" />
    <ClCompile Include="Map.cpp">
      <Filter>Map</Filter>
    </ClCompile>
    <ClCompile Include="GameCamera.cpp" />
    <ClCompile Include="Feed.cpp">
      <Filter>Bird</Filter>
    </ClCompile>
    <ClCompile Include="GameStartCut.cpp">
      <Filter>CutScene\GameStartCut</Filter>
    </ClCompile>
    <ClCompile Include="Fade.cpp" />
    <ClCompile Include="Timer.cpp" />
    <ClCompile Include="HawkGene.cpp">
      <Filter>Jammer</Filter>
    </ClCompile>
    <ClCompile Include="AtkHawk.cpp">
      <Filter>Jammer</Filter>
    </ClCompile>
    <ClCompile Include="Title.cpp">
      <Filter>Title</Filter>
    </ClCompile>
    <ClCompile Include="GameClearCut.cpp">
      <Filter>CutScene\GameClearCut</Filter>
    </ClCompile>
  </ItemGroup>
  <ItemGroup>
    <CLInclude Include="resource.h">
      <Filter>Resource Files</Filter>
    </CLInclude>
    <ClInclude Include="stdafx.h" />
    <ClInclude Include="Game.h" />
    <ClInclude Include="CmoFileNames.h" />
    <ClInclude Include="GameObjectNames.h" />
    <ClInclude Include="Bird.h">
      <Filter>Bird</Filter>
    </ClInclude>
    <ClInclude Include="Hawk.h">
      <Filter>Jammer</Filter>
    </ClInclude>
    <ClInclude Include="Snake.h">
      <Filter>Jammer</Filter>
    </ClInclude>
    <ClInclude Include="GameSettings.h" />
    <ClInclude Include="Map.h">
      <Filter>Map</Filter>
    </ClInclude>
    <ClInclude Include="GameCamera.h" />
    <ClInclude Include="Feed.h">
      <Filter>Bird</Filter>
    </ClInclude>
    <ClInclude Include="GameStartCut.h">
      <Filter>CutScene\GameStartCut</Filter>
    </ClInclude>
    <ClInclude Include="Fade.h" />
    <ClInclude Include="Timer.h" />
    <ClInclude Include="HawkGene.h">
      <Filter>Jammer</Filter>
    </ClInclude>
    <ClInclude Include="AtkHawk.h">
      <Filter>Jammer</Filter>
    </ClInclude>
    <ClInclude Include="Title.h">
      <Filter>Title</Filter>
    </ClInclude>
    <ClInclude Include="GameClearCut.h">
      <Filter>CutScene\GameClearCut</Filter>
    </ClInclude>
  </ItemGroup>
  <ItemGroup>
    <ResourceCompile Include="Game.rc">
      <Filter>Resource Files</Filter>
    </ResourceCompile>
  </ItemGroup>
  <ItemGroup>
    <ImageContentTask Include="Assets\sprite\dummy.png">
      <Filter>Assets\sprite</Filter>
    </ImageContentTask>
    <ImageContentTask Include="Assets\sprite\fade.png">
      <Filter>Assets\sprite</Filter>
    </ImageContentTask>
    <ImageContentTask Include="Assets\modelData\bg\bgSpec.png" />
    <ImageContentTask Include="Assets\sprite\title.png" />
  </ItemGroup>
  <ItemGroup>
    <MeshContentTask Include="Assets\modelData\bird\torikariB.FBX">
      <Filter>Assets\modelData\bird</Filter>
    </MeshContentTask>
    <MeshContentTask Include="Assets\modelData\bird\torikariS.FBX">
      <Filter>Assets\modelData\bird</Filter>
    </MeshContentTask>
    <MeshContentTask Include="Assets\modelData\tree\kariki.FBX">
      <Filter>Assets\modelData\tree</Filter>
    </MeshContentTask>
    <MeshContentTask Include="Assets\modelData\hawk\kariwasi.FBX">
      <Filter>Assets\modelData\hawk</Filter>
    </MeshContentTask>
    <MeshContentTask Include="Assets\modelData\snake\karihebi.FBX">
      <Filter>Assets\modelData\snake</Filter>
    </MeshContentTask>
    <MeshContentTask Include="Assets\modelData\nest\karisu.FBX">
      <Filter>Assets\modelData\nest</Filter>
    </MeshContentTask>
    <MeshContentTask Include="Assets\modelData\bg\ground.fbx">
      <Filter>Assets\modelData\bg</Filter>
    </MeshContentTask>
    <MeshContentTask Include="Assets\modelData\tree\symbolTreeRed.FBX">
      <Filter>Assets\modelData\tree</Filter>
    </MeshContentTask>
    <MeshContentTask Include="Assets\modelData\tree\symbolTreeBlue.FBX">
      <Filter>Assets\modelData\tree</Filter>
    </MeshContentTask>
    <MeshContentTask Include="Assets\modelData\tree\symbolTreePurple.FBX">
      <Filter>Assets\modelData\tree</Filter>
    </MeshContentTask>
    <MeshContentTask Include="Assets\modelData\tree\symbolTreeGreen.FBX">
      <Filter>Assets\modelData\tree</Filter>
    </MeshContentTask>
    <MeshContentTask Include="Assets\modelData\tree\symbolTreeYellow.FBX">
      <Filter>Assets\modelData\tree</Filter>
    </MeshContentTask>
    <MeshContentTask Include="Assets\modelData\feed\kariesa.FBX">
      <Filter>Assets\modelData\feed</Filter>
    </MeshContentTask>
    <MeshContentTask Include="Assets\modelData\hawk\hawkshadow.FBX">
      <Filter>Assets\modelData\hawk</Filter>
    </MeshContentTask>
    <MeshContentTask Include="Assets\modelData\tree\ki.FBX">
      <Filter>Assets\modelData\tree</Filter>
    </MeshContentTask>
    <MeshContentTask Include="Assets\modelData\feed\apple.FBX">
      <Filter>Assets\modelData\feed</Filter>
    </MeshContentTask>
    <MeshContentTask Include="Assets\modelData\bird\toriA.fbx">
      <Filter>Assets\modelData\bird</Filter>
    </MeshContentTask>
    <MeshContentTask Include="Assets\modelData\bird\toriC.fbx">
      <Filter>Assets\modelData\bird</Filter>
    </MeshContentTask>
    <MeshContentTask Include="Assets\modelData\bird\NfryBird.fbx">
      <Filter>Assets\modelData\bird</Filter>
    </MeshContentTask>
    <MeshContentTask Include="Assets\modelData\bird\hiyoko.FBX">
      <Filter>Assets\modelData\bird</Filter>
    </MeshContentTask>
    <MeshContentTask Include="Assets\modelData\tree\kinoko.FBX">
      <Filter>Assets\modelData\tree</Filter>
    </MeshContentTask>
    <MeshContentTask Include="Assets\modelData\tree\kiki.FBX">
      <Filter>Assets\modelData\tree</Filter>
    </MeshContentTask>
    <MeshContentTask Include="Assets\modelData\tree\dokukinoko.FBX">
      <Filter>Assets\modelData\tree</Filter>
    </MeshContentTask>
    <MeshContentTask Include="Assets\modelData\tree\kurisutaru.FBX">
      <Filter>Assets\modelData\tree</Filter>
    </MeshContentTask>
    <MeshContentTask Include="Assets\modelData\tree\kurisutaru2.FBX">
      <Filter>Assets\modelData\tree</Filter>
    </MeshContentTask>
  </ItemGroup>
  <ItemGroup>
    <Image Include="Assets\modelData\tree\kurisuaru2.png">
      <Filter>Assets\modelData\tree</Filter>
    </Image>
  </ItemGroup>
</Project>